
Microsoft Visual Studio Solution File, Format Version 12.00
# Visual Studio Version 17
VisualStudioVersion = 17.12.35527.113
MinimumVisualStudioVersion = 10.0.40219.1
Project("{FAE04EC0-301F-11D3-BF4B-00C04F79EFBC}") = "demo", "demo\demo.csproj", "{98D4909B-002A-4550-8C0D-AB908CB7DD10}"
EndProject
Project("{FAE04EC0-301F-11D3-BF4B-00C04F79EFBC}") = "EX01.DiagonalDifference", "EX01.DiagonalDifference\EX01.DiagonalDifference.csproj", "{4424AE08-58BF-4C2A-BC17-8FBEDABEFCCB}"
EndProject
Project("{FAE04EC0-301F-11D3-BF4B-00C04F79EFBC}") = "EX02.SquaresInTheMatrix", "EX02.SquaresInTheMatrix\EX02.SquaresInTheMatrix.csproj", "{B0A9E897-C943-471F-84D7-141E15246E54}"
EndProject
Project("{FAE04EC0-301F-11D3-BF4B-00C04F79EFBC}") = "EX03.MaximalSum", "EX03.MaximalSum\EX03.MaximalSum.csproj", "{95BD46DE-0494-4734-95D1-A0C1A177B8AE}"
EndProject
Project("{FAE04EC0-301F-11D3-BF4B-00C04F79EFBC}") = "EX04.MatruxShuffling", "EX04.MatruxShuffling\EX04.MatruxShuffling.csproj", "{8C7C3477-D123-4002-BB17-BB2A095A42F7}"
EndProject
Project("{FAE04EC0-301F-11D3-BF4B-00C04F79EFBC}") = "EX05.Snake", "EX05.Snake\EX05.Snake.csproj", "{9B09A021-7F66-43FC-BEA2-04456357CB8F}"
EndProject
Project("{FAE04EC0-301F-11D3-BF4B-00C04F79EFBC}") = "EX06.JaggedArrays", "EX06.JaggedArrays\EX06.JaggedArrays.csproj", "{AC207C5B-AEB7-4BEC-AF21-BA7DD18179E4}"
EndProject
Global
	GlobalSection(SolutionConfigurationPlatforms) = preSolution
		Debug|Any CPU = Debug|Any CPU
		Release|Any CPU = Release|Any CPU
	EndGlobalSection
	GlobalSection(ProjectConfigurationPlatforms) = postSolution
		{98D4909B-002A-4550-8C0D-AB908CB7DD10}.Debug|Any CPU.ActiveCfg = Debug|Any CPU
		{98D4909B-002A-4550-8C0D-AB908CB7DD10}.Debug|Any CPU.Build.0 = Debug|Any CPU
		{98D4909B-002A-4550-8C0D-AB908CB7DD10}.Release|Any CPU.ActiveCfg = Release|Any CPU
		{98D4909B-002A-4550-8C0D-AB908CB7DD10}.Release|Any CPU.Build.0 = Release|Any CPU
		{4424AE08-58BF-4C2A-BC17-8FBEDABEFCCB}.Debug|Any CPU.ActiveCfg = Debug|Any CPU
		{4424AE08-58BF-4C2A-BC17-8FBEDABEFCCB}.Debug|Any CPU.Build.0 = Debug|Any CPU
		{4424AE08-58BF-4C2A-BC17-8FBEDABEFCCB}.Release|Any CPU.ActiveCfg = Release|Any CPU
		{4424AE08-58BF-4C2A-BC17-8FBEDABEFCCB}.Release|Any CPU.Build.0 = Release|Any CPU
		{B0A9E897-C943-471F-84D7-141E15246E54}.Debug|Any CPU.ActiveCfg = Debug|Any CPU
		{B0A9E897-C943-471F-84D7-141E15246E54}.Debug|Any CPU.Build.0 = Debug|Any CPU
		{B0A9E897-C943-471F-84D7-141E15246E54}.Release|Any CPU.ActiveCfg = Release|Any CPU
		{B0A9E897-C943-471F-84D7-141E15246E54}.Release|Any CPU.Build.0 = Release|Any CPU
		{95BD46DE-0494-4734-95D1-A0C1A177B8AE}.Debug|Any CPU.ActiveCfg = Debug|Any CPU
		{95BD46DE-0494-4734-95D1-A0C1A177B8AE}.Debug|Any CPU.Build.0 = Debug|Any CPU
		{95BD46DE-0494-4734-95D1-A0C1A177B8AE}.Release|Any CPU.ActiveCfg = Release|Any CPU
		{95BD46DE-0494-4734-95D1-A0C1A177B8AE}.Release|Any CPU.Build.0 = Release|Any CPU
		{8C7C3477-D123-4002-BB17-BB2A095A42F7}.Debug|Any CPU.ActiveCfg = Debug|Any CPU
		{8C7C3477-D123-4002-BB17-BB2A095A42F7}.Debug|Any CPU.Build.0 = Debug|Any CPU
		{8C7C3477-D123-4002-BB17-BB2A095A42F7}.Release|Any CPU.ActiveCfg = Release|Any CPU
		{8C7C3477-D123-4002-BB17-BB2A095A42F7}.Release|Any CPU.Build.0 = Release|Any CPU
		{9B09A021-7F66-43FC-BEA2-04456357CB8F}.Debug|Any CPU.ActiveCfg = Debug|Any CPU
		{9B09A021-7F66-43FC-BEA2-04456357CB8F}.Debug|Any CPU.Build.0 = Debug|Any CPU
		{9B09A021-7F66-43FC-BEA2-04456357CB8F}.Release|Any CPU.ActiveCfg = Release|Any CPU
		{9B09A021-7F66-43FC-BEA2-04456357CB8F}.Release|Any CPU.Build.0 = Release|Any CPU
		{AC207C5B-AEB7-4BEC-AF21-BA7DD18179E4}.Debug|Any CPU.ActiveCfg = Debug|Any CPU
		{AC207C5B-AEB7-4BEC-AF21-BA7DD18179E4}.Debug|Any CPU.Build.0 = Debug|Any CPU
		{AC207C5B-AEB7-4BEC-AF21-BA7DD18179E4}.Release|Any CPU.ActiveCfg = Release|Any CPU
		{AC207C5B-AEB7-4BEC-AF21-BA7DD18179E4}.Release|Any CPU.Build.0 = Release|Any CPU
	EndGlobalSection
	GlobalSection(SolutionProperties) = preSolution
		HideSolutionNode = FALSE
	EndGlobalSection
EndGlobal
