
Microsoft Visual Studio Solution File, Format Version 12.00
# Visual Studio Version 17
VisualStudioVersion = 17.12.35707.178
MinimumVisualStudioVersion = 10.0.40219.1
Project("{FAE04EC0-301F-11D3-BF4B-00C04F79EFBC}") = "P01.Medieval_Alchemy", "C#_Advanced_Exam\P01.Medieval_Alchemy.csproj", "{58DDE909-B175-4A61-B9C6-0B18C744A843}"
EndProject
Project("{FAE04EC0-301F-11D3-BF4B-00C04F79EFBC}") = "backup3", "backup3\backup3.csproj", "{D2C591F8-3E76-471C-BBB5-93E4A5DD59FB}"
EndProject
Global
	GlobalSection(SolutionConfigurationPlatforms) = preSolution
		Debug|Any CPU = Debug|Any CPU
		Release|Any CPU = Release|Any CPU
	EndGlobalSection
	GlobalSection(ProjectConfigurationPlatforms) = postSolution
		{58DDE909-B175-4A61-B9C6-0B18C744A843}.Debug|Any CPU.ActiveCfg = Debug|Any CPU
		{58DDE909-B175-4A61-B9C6-0B18C744A843}.Debug|Any CPU.Build.0 = Debug|Any CPU
		{58DDE909-B175-4A61-B9C6-0B18C744A843}.Release|Any CPU.ActiveCfg = Release|Any CPU
		{58DDE909-B175-4A61-B9C6-0B18C744A843}.Release|Any CPU.Build.0 = Release|Any CPU
		{D2C591F8-3E76-471C-BBB5-93E4A5DD59FB}.Debug|Any CPU.ActiveCfg = Debug|Any CPU
		{D2C591F8-3E76-471C-BBB5-93E4A5DD59FB}.Debug|Any CPU.Build.0 = Debug|Any CPU
		{D2C591F8-3E76-471C-BBB5-93E4A5DD59FB}.Release|Any CPU.ActiveCfg = Release|Any CPU
		{D2C591F8-3E76-471C-BBB5-93E4A5DD59FB}.Release|Any CPU.Build.0 = Release|Any CPU
	EndGlobalSection
	GlobalSection(SolutionProperties) = preSolution
		HideSolutionNode = FALSE
	EndGlobalSection
EndGlobal
