
Microsoft Visual Studio Solution File, Format Version 12.00
# Visual Studio Version 17
VisualStudioVersion = 17.12.35527.113
MinimumVisualStudioVersion = 10.0.40219.1
Project("{FAE04EC0-301F-11D3-BF4B-00C04F79EFBC}") = "demo", "demo\demo.csproj", "{65B4CB40-F309-405B-B3D3-F15BC1EF04F7}"
EndProject
Project("{FAE04EC0-301F-11D3-BF4B-00C04F79EFBC}") = "P01.ReverseAString", "P01.ReverseAString\P01.ReverseAString.csproj", "{5E2B7F62-E5DD-4F63-80FD-BF4EC925F536}"
EndProject
Project("{FAE04EC0-301F-11D3-BF4B-00C04F79EFBC}") = "P02.StackSum", "P02.StackSum\P02.StackSum.csproj", "{A393A77E-D72C-4A5D-A2BB-A1C8A578EA42}"
EndProject
Project("{FAE04EC0-301F-11D3-BF4B-00C04F79EFBC}") = "P03.SimpleCalculator", "P03.SimpleCalculator\P03.SimpleCalculator.csproj", "{4A410D7E-7F30-4D12-B1E5-D70166E3E6E1}"
EndProject
Project("{FAE04EC0-301F-11D3-BF4B-00C04F79EFBC}") = "P04.MatchingBracket", "P04.MatchingBracket\P04.MatchingBracket.csproj", "{C17E4171-7FD7-4C1F-9550-15FC00E08C4A}"
EndProject
Project("{FAE04EC0-301F-11D3-BF4B-00C04F79EFBC}") = "P05.EvenNumbers", "P06.EvenNumbers\P05.EvenNumbers.csproj", "{4E8D877D-CEB4-4C72-A5AA-9CAB526543FD}"
EndProject
Project("{FAE04EC0-301F-11D3-BF4B-00C04F79EFBC}") = "P06.SuperMarket", "P06.SuperMarket\P06.SuperMarket.csproj", "{AA2EFEFD-5DDE-4898-BD7D-88BBFA8ABD00}"
EndProject
Project("{FAE04EC0-301F-11D3-BF4B-00C04F79EFBC}") = "P07.HotPotato", "P07.HotPotato\P07.HotPotato.csproj", "{6AAA5A9A-1618-4667-8E9C-7784ABF095EC}"
EndProject
Project("{FAE04EC0-301F-11D3-BF4B-00C04F79EFBC}") = "P08.TrafficJam", "P08.TrafficJam\P08.TrafficJam.csproj", "{F7391D4D-6947-44F2-BA66-16EC0A791F28}"
EndProject
Global
	GlobalSection(SolutionConfigurationPlatforms) = preSolution
		Debug|Any CPU = Debug|Any CPU
		Release|Any CPU = Release|Any CPU
	EndGlobalSection
	GlobalSection(ProjectConfigurationPlatforms) = postSolution
		{65B4CB40-F309-405B-B3D3-F15BC1EF04F7}.Debug|Any CPU.ActiveCfg = Debug|Any CPU
		{65B4CB40-F309-405B-B3D3-F15BC1EF04F7}.Debug|Any CPU.Build.0 = Debug|Any CPU
		{65B4CB40-F309-405B-B3D3-F15BC1EF04F7}.Release|Any CPU.ActiveCfg = Release|Any CPU
		{65B4CB40-F309-405B-B3D3-F15BC1EF04F7}.Release|Any CPU.Build.0 = Release|Any CPU
		{5E2B7F62-E5DD-4F63-80FD-BF4EC925F536}.Debug|Any CPU.ActiveCfg = Debug|Any CPU
		{5E2B7F62-E5DD-4F63-80FD-BF4EC925F536}.Debug|Any CPU.Build.0 = Debug|Any CPU
		{5E2B7F62-E5DD-4F63-80FD-BF4EC925F536}.Release|Any CPU.ActiveCfg = Release|Any CPU
		{5E2B7F62-E5DD-4F63-80FD-BF4EC925F536}.Release|Any CPU.Build.0 = Release|Any CPU
		{A393A77E-D72C-4A5D-A2BB-A1C8A578EA42}.Debug|Any CPU.ActiveCfg = Debug|Any CPU
		{A393A77E-D72C-4A5D-A2BB-A1C8A578EA42}.Debug|Any CPU.Build.0 = Debug|Any CPU
		{A393A77E-D72C-4A5D-A2BB-A1C8A578EA42}.Release|Any CPU.ActiveCfg = Release|Any CPU
		{A393A77E-D72C-4A5D-A2BB-A1C8A578EA42}.Release|Any CPU.Build.0 = Release|Any CPU
		{4A410D7E-7F30-4D12-B1E5-D70166E3E6E1}.Debug|Any CPU.ActiveCfg = Debug|Any CPU
		{4A410D7E-7F30-4D12-B1E5-D70166E3E6E1}.Debug|Any CPU.Build.0 = Debug|Any CPU
		{4A410D7E-7F30-4D12-B1E5-D70166E3E6E1}.Release|Any CPU.ActiveCfg = Release|Any CPU
		{4A410D7E-7F30-4D12-B1E5-D70166E3E6E1}.Release|Any CPU.Build.0 = Release|Any CPU
		{C17E4171-7FD7-4C1F-9550-15FC00E08C4A}.Debug|Any CPU.ActiveCfg = Debug|Any CPU
		{C17E4171-7FD7-4C1F-9550-15FC00E08C4A}.Debug|Any CPU.Build.0 = Debug|Any CPU
		{C17E4171-7FD7-4C1F-9550-15FC00E08C4A}.Release|Any CPU.ActiveCfg = Release|Any CPU
		{C17E4171-7FD7-4C1F-9550-15FC00E08C4A}.Release|Any CPU.Build.0 = Release|Any CPU
		{4E8D877D-CEB4-4C72-A5AA-9CAB526543FD}.Debug|Any CPU.ActiveCfg = Debug|Any CPU
		{4E8D877D-CEB4-4C72-A5AA-9CAB526543FD}.Debug|Any CPU.Build.0 = Debug|Any CPU
		{4E8D877D-CEB4-4C72-A5AA-9CAB526543FD}.Release|Any CPU.ActiveCfg = Release|Any CPU
		{4E8D877D-CEB4-4C72-A5AA-9CAB526543FD}.Release|Any CPU.Build.0 = Release|Any CPU
		{AA2EFEFD-5DDE-4898-BD7D-88BBFA8ABD00}.Debug|Any CPU.ActiveCfg = Debug|Any CPU
		{AA2EFEFD-5DDE-4898-BD7D-88BBFA8ABD00}.Debug|Any CPU.Build.0 = Debug|Any CPU
		{AA2EFEFD-5DDE-4898-BD7D-88BBFA8ABD00}.Release|Any CPU.ActiveCfg = Release|Any CPU
		{AA2EFEFD-5DDE-4898-BD7D-88BBFA8ABD00}.Release|Any CPU.Build.0 = Release|Any CPU
		{6AAA5A9A-1618-4667-8E9C-7784ABF095EC}.Debug|Any CPU.ActiveCfg = Debug|Any CPU
		{6AAA5A9A-1618-4667-8E9C-7784ABF095EC}.Debug|Any CPU.Build.0 = Debug|Any CPU
		{6AAA5A9A-1618-4667-8E9C-7784ABF095EC}.Release|Any CPU.ActiveCfg = Release|Any CPU
		{6AAA5A9A-1618-4667-8E9C-7784ABF095EC}.Release|Any CPU.Build.0 = Release|Any CPU
		{F7391D4D-6947-44F2-BA66-16EC0A791F28}.Debug|Any CPU.ActiveCfg = Debug|Any CPU
		{F7391D4D-6947-44F2-BA66-16EC0A791F28}.Debug|Any CPU.Build.0 = Debug|Any CPU
		{F7391D4D-6947-44F2-BA66-16EC0A791F28}.Release|Any CPU.ActiveCfg = Release|Any CPU
		{F7391D4D-6947-44F2-BA66-16EC0A791F28}.Release|Any CPU.Build.0 = Release|Any CPU
	EndGlobalSection
	GlobalSection(SolutionProperties) = preSolution
		HideSolutionNode = FALSE
	EndGlobalSection
EndGlobal
